
Microsoft Visual Studio Solution File, Format Version 12.00
# Visual Studio Version 17
VisualStudioVersion = 17.9.34616.47
MinimumVisualStudioVersion = 10.0.40219.1
Project("{2150E333-8FDC-42A3-9474-1A3956D46DE8}") = "ShopManagement", "ShopManagement", "{252430D4-0240-481B-BE33-D0062DC78258}"
EndProject
Project("{2150E333-8FDC-42A3-9474-1A3956D46DE8}") = "SM.Domain", "SM.Domain", "{A51A3236-65CE-4F96-8C74-8A2AB7EEFF15}"
EndProject
Project("{9A19103F-16F7-4668-BE54-9A1E7A4F7556}") = "ShopManagement.Domain", "ShopManagement.Domain\ShopManagement.Domain.csproj", "{492B34F1-87BA-4780-8A4A-92F8F7258635}"
EndProject
Project("{9A19103F-16F7-4668-BE54-9A1E7A4F7556}") = "0_Freamwork", "0_Freamwork\0_Freamwork.csproj", "{E9B886F0-E28E-46F1-9E22-F43F875ACB56}"
EndProject
Project("{2150E333-8FDC-42A3-9474-1A3956D46DE8}") = "SM.Application", "SM.Application", "{83652EDE-6DB6-465D-A175-14CBB5F57AED}"
EndProject
Project("{9A19103F-16F7-4668-BE54-9A1E7A4F7556}") = "ShopManagement.Application.Contracts", "ShopManagement.Application.Contracts\ShopManagement.Application.Contracts.csproj", "{0D896271-7112-4A5B-92AE-87A97394B8E7}"
EndProject
Project("{9A19103F-16F7-4668-BE54-9A1E7A4F7556}") = "ShopManagement.Application", "ShopManagement.Application\ShopManagement.Application.csproj", "{78A7D8AC-63BE-46C3-A7E0-BD2D231AC75D}"
EndProject
Project("{2150E333-8FDC-42A3-9474-1A3956D46DE8}") = "SM.Infrastructure", "SM.Infrastructure", "{A130076C-9BBF-4B93-92A5-226A402CE1D0}"
EndProject
Project("{9A19103F-16F7-4668-BE54-9A1E7A4F7556}") = "ShopManagement.Infrastructure", "ShopManagement.Infrastructure\ShopManagement.Infrastructure.csproj", "{330FACAA-32E7-44D1-B1A6-3CF286F16E99}"
EndProject
Project("{9A19103F-16F7-4668-BE54-9A1E7A4F7556}") = "ShopManagementConfiguration", "ShopManagementConfiguration\ShopManagementConfiguration.csproj", "{16FEBC00-51D9-4F52-8F06-B72A1261EECD}"
EndProject
Project("{9A19103F-16F7-4668-BE54-9A1E7A4F7556}") = "01_LampShadeQuery", "01_LampShadeQuery\01_LampShadeQuery.csproj", "{7F451FE6-0138-4695-9E95-366B74DEA044}"
EndProject
Project("{2150E333-8FDC-42A3-9474-1A3956D46DE8}") = "DiscountManagement", "DiscountManagement", "{3B071695-51FC-4627-B64E-BC0C020ADAD1}"
EndProject
Project("{2150E333-8FDC-42A3-9474-1A3956D46DE8}") = "DM.Domain", "DM.Domain", "{485867A6-9D8B-4366-9614-EFFFD5CE8E19}"
EndProject
Project("{9A19103F-16F7-4668-BE54-9A1E7A4F7556}") = "DiscountManagement.Domain", "DiscountManagement.Domain\DiscountManagement.Domain.csproj", "{F03A2585-1833-438B-B6E0-69E86754FC0A}"
EndProject
Project("{2150E333-8FDC-42A3-9474-1A3956D46DE8}") = "DM.Application", "DM.Application", "{59CAF034-0F13-4DD7-B300-B4825EF8A7C4}"
EndProject
Project("{9A19103F-16F7-4668-BE54-9A1E7A4F7556}") = "DiscountManagement.Application.Contract", "DiscountManagement.Application.Contract\DiscountManagement.Application.Contract.csproj", "{CD3BAE62-35B6-4F58-89FB-DB5156EE7B27}"
EndProject
Project("{9A19103F-16F7-4668-BE54-9A1E7A4F7556}") = "DiscountManagement.Application", "ClassLibrary1\DiscountManagement.Application.csproj", "{6D98278B-B882-4E61-B0FF-3EDF6444BEBF}"
EndProject
Project("{2150E333-8FDC-42A3-9474-1A3956D46DE8}") = "DM.Infrastructure", "DM.Infrastructure", "{3BA17686-A082-441E-BB67-F633AE3877CA}"
EndProject
Project("{9A19103F-16F7-4668-BE54-9A1E7A4F7556}") = "DiscountManagement.Infrastructure.EFCore", "DiscontManagement.Infrastructure.EFCore\DiscountManagement.Infrastructure.EFCore.csproj", "{6DAE6FF4-50E4-4DE2-BA6F-6A8031ABFD93}"
EndProject
Project("{9A19103F-16F7-4668-BE54-9A1E7A4F7556}") = "DiscountManagement.Configuration", "DiscountManagement.Configuration\DiscountManagement.Configuration.csproj", "{958498BE-5390-4BD4-8855-CF04EE943EA9}"
EndProject
Project("{2150E333-8FDC-42A3-9474-1A3956D46DE8}") = "InventoryManagement", "InventoryManagement", "{8EE00848-2A88-43B2-BEE5-23BCB31E84B0}"
EndProject
Project("{2150E333-8FDC-42A3-9474-1A3956D46DE8}") = "IM.Domain", "IM.Domain", "{C8E98C28-F8CC-4AB7-BDA0-B7B8447968E9}"
EndProject
Project("{9A19103F-16F7-4668-BE54-9A1E7A4F7556}") = "InventoryManagement.Domain", "InventoryManagement.Domain\InventoryManagement.Domain.csproj", "{E45ADB99-81F2-4A65-856C-45ACD5C6B4A0}"
EndProject
Project("{2150E333-8FDC-42A3-9474-1A3956D46DE8}") = "IM.Application", "IM.Application", "{C7703974-6A54-43EB-BAFC-31F2E4216D36}"
EndProject
Project("{9A19103F-16F7-4668-BE54-9A1E7A4F7556}") = "InventoryManagement.Application.Contract", "InventoryManagement.Application.Contract\InventoryManagement.Application.Contract.csproj", "{F3011D0D-F6C4-40DC-806C-98C5F817AD01}"
EndProject
Project("{2150E333-8FDC-42A3-9474-1A3956D46DE8}") = "IM.Infrastructure", "IM.Infrastructure", "{0E90E678-B3F7-4235-8880-3AE5B923D12B}"
EndProject
Project("{9A19103F-16F7-4668-BE54-9A1E7A4F7556}") = "InventoryManagement.Infrastructure.EFCore", "InventoryManagement.Infrastructure.EFCore\InventoryManagement.Infrastructure.EFCore.csproj", "{A587D157-8152-4FA4-80F4-38E116D6AE8B}"
EndProject
Project("{9A19103F-16F7-4668-BE54-9A1E7A4F7556}") = "InventoryManagement.Infrastructure.Configuration", "InventoryManagement.Infrastructure.Configuration\InventoryManagement.Infrastructure.Configuration.csproj", "{3C844C19-9381-451B-99C2-7F9F4FBF96E7}"
EndProject
Project("{9A19103F-16F7-4668-BE54-9A1E7A4F7556}") = "InventoryManagement.Application", "InventoryManagement.Application\InventoryManagement.Application.csproj", "{4F17B3E0-42E6-43CC-805B-44C7D8F164DE}"
EndProject
Project("{2150E333-8FDC-42A3-9474-1A3956D46DE8}") = "BlogManagement", "BlogManagement", "{BBACF80F-D487-44D7-B5F2-162970D8BCC2}"
EndProject
Project("{2150E333-8FDC-42A3-9474-1A3956D46DE8}") = "BM.Domain", "BM.Domain", "{6CA40CA9-21EF-4042-B8D7-20828BDFB69C}"
EndProject
Project("{9A19103F-16F7-4668-BE54-9A1E7A4F7556}") = "BlogManagement.Domain", "BlogManagement.Domain\BlogManagement.Domain.csproj", "{949A20E1-DE2E-4E39-B77B-C8AF0D055E3B}"
EndProject
Project("{2150E333-8FDC-42A3-9474-1A3956D46DE8}") = "BM.Application", "BM.Application", "{E6B26E4F-7791-4C04-AE6F-06861709A974}"
EndProject
Project("{9A19103F-16F7-4668-BE54-9A1E7A4F7556}") = "BlogManagement.Application.contract", "BlogManagement.Application.contract\BlogManagement.Application.contract.csproj", "{7F313D56-E800-461E-81B4-F9806D8A864F}"
EndProject
Project("{9A19103F-16F7-4668-BE54-9A1E7A4F7556}") = "BlogManagement.Application", "BlogManagement.Application\BlogManagement.Application.csproj", "{EF42BD44-0E6A-4458-A5D1-AE34FAB1F432}"
EndProject
Project("{2150E333-8FDC-42A3-9474-1A3956D46DE8}") = "BM.Infrastructure", "BM.Infrastructure", "{462C580D-CBFD-4799-A4D9-354860901D9A}"
EndProject
Project("{9A19103F-16F7-4668-BE54-9A1E7A4F7556}") = "BlogManagement.Infrastructure.EFCore", "BlogManagement.Infrastructure.EFCore\BlogManagement.Infrastructure.EFCore.csproj", "{8FA21DC1-D8FF-4A23-A332-116DBB729D9C}"
EndProject
Project("{9A19103F-16F7-4668-BE54-9A1E7A4F7556}") = "BlogManagement.Infrastructure.Configuration", "BlogManagement.Infrastructure.Configuration\BlogManagement.Infrastructure.Configuration.csproj", "{B0B7F438-6C3F-4018-95A3-43F3F54D9C95}"
EndProject
Project("{2150E333-8FDC-42A3-9474-1A3956D46DE8}") = "CommentManagement", "CommentManagement", "{47FA0647-BB6D-4D65-B4BB-8F23E7E0CCD3}"
EndProject
Project("{2150E333-8FDC-42A3-9474-1A3956D46DE8}") = "CM.Domain", "CM.Domain", "{EB347257-766E-46A7-B134-617D637DA647}"
EndProject
Project("{9A19103F-16F7-4668-BE54-9A1E7A4F7556}") = "CommentManagement.Domain", "CommentManagement.Domain\CommentManagement.Domain.csproj", "{C271B64C-9609-4235-811C-089E3A240791}"
EndProject
Project("{2150E333-8FDC-42A3-9474-1A3956D46DE8}") = "CM.Application", "CM.Application", "{498A6C93-B9AA-4C13-9BFB-352D0E056D5D}"
EndProject
Project("{9A19103F-16F7-4668-BE54-9A1E7A4F7556}") = "CommentManagement.Application.Contract", "CommentManagement.Application.Contract\CommentManagement.Application.Contract.csproj", "{38B787AC-6431-486A-834D-FCB1715998E6}"
EndProject
Project("{9A19103F-16F7-4668-BE54-9A1E7A4F7556}") = "CommentManagement.Application", "CommentManagement.Application\CommentManagement.Application.csproj", "{64DE3291-8BD0-4B2E-B12B-664C2432F525}"
EndProject
Project("{2150E333-8FDC-42A3-9474-1A3956D46DE8}") = "CM.Infrastructure", "CM.Infrastructure", "{0683A704-3669-4B3B-964B-40A4E4C96EEF}"
EndProject
Project("{9A19103F-16F7-4668-BE54-9A1E7A4F7556}") = "CommentManagement.Infrastructure.Efcore", "CommentManagement.Infrastructure.Efcore\CommentManagement.Infrastructure.Efcore.csproj", "{18B6390D-0207-4506-BDAF-9B5E3CC02BDF}"
EndProject
Project("{9A19103F-16F7-4668-BE54-9A1E7A4F7556}") = "CommentManagement.Infrastructure.Configuration", "CommentManagement.Infrastructure.Configuration\CommentManagement.Infrastructure.Configuration.csproj", "{A63E3FB1-8DC1-4314-91A1-7B54C88E1702}"
EndProject
Project("{2150E333-8FDC-42A3-9474-1A3956D46DE8}") = "AccountManagement", "AccountManagement", "{2E38CF9B-62FC-439A-8B6F-A37D7A297C98}"
EndProject
Project("{2150E333-8FDC-42A3-9474-1A3956D46DE8}") = "AM.Domain", "AM.Domain", "{AE6590F3-B699-4026-82D7-ED8865D7D72F}"
EndProject
Project("{9A19103F-16F7-4668-BE54-9A1E7A4F7556}") = "AccountManagement.Domain", "AccountManagement.Domain\AccountManagement.Domain.csproj", "{086DE744-5178-46C1-9887-26B6477E8C53}"
EndProject
Project("{2150E333-8FDC-42A3-9474-1A3956D46DE8}") = "AM.Application", "AM.Application", "{01AEC30C-0FF8-4E78-8B9D-3DFE063DC05C}"
EndProject
Project("{9A19103F-16F7-4668-BE54-9A1E7A4F7556}") = "AccountManagement.Application.Contract", "AccountManagement.Application.Contract\AccountManagement.Application.Contract.csproj", "{7BE2CC50-461D-4C5A-B07E-E1D809A6FF3B}"
EndProject
Project("{2150E333-8FDC-42A3-9474-1A3956D46DE8}") = "AM.Infrastructure", "AM.Infrastructure", "{056EDB00-CDAD-4427-AB7D-B2710E7B0B1E}"
EndProject
Project("{9A19103F-16F7-4668-BE54-9A1E7A4F7556}") = "AccountManagement.Infrastructure.EFCore", "AccountManagement.Infrastructure.EFCore\AccountManagement.Infrastructure.EFCore.csproj", "{0B1147F3-99F5-44B7-8F94-97B23BF999F2}"
EndProject
Project("{9A19103F-16F7-4668-BE54-9A1E7A4F7556}") = "AccountManagement.Application", "AccountManagement.Application\AccountManagement.Application.csproj", "{DC3C492E-375F-4B62-AFAA-A0838D362896}"
EndProject
Project("{9A19103F-16F7-4668-BE54-9A1E7A4F7556}") = "AccountManagement.Infrastructure.Configuration", "AccountManagement.Infrastructure.Configuration\AccountManagement.Infrastructure.Configuration.csproj", "{F88D5E37-C74F-4916-948A-134F3CDE9D3C}"
EndProject
Project("{9A19103F-16F7-4668-BE54-9A1E7A4F7556}") = "ServiceHost", "ServiceHost\ServiceHost.csproj", "{53C0534C-2052-404C-8C4D-E78AE3F15567}"
EndProject
Project("{9A19103F-16F7-4668-BE54-9A1E7A4F7556}") = "Shopmanagement.Infrastructure.InventoryAcl", "Shopmanagement.Infrastructure.InventoryAcl\Shopmanagement.Infrastructure.InventoryAcl.csproj", "{F3E9D3C1-999B-4C07-8812-37AD80818AD6}"
EndProject
Project("{2150E333-8FDC-42A3-9474-1A3956D46DE8}") = "SM.Persentaition", "SM.Persentaition", "{25F4145F-D639-40B0-8BD5-6991A5A2E106}"
EndProject
Project("{9A19103F-16F7-4668-BE54-9A1E7A4F7556}") = "ShopManagement.Persentaition.Api", "ShopManagement.Persentaition.Api\ShopManagement.Persentaition.Api.csproj", "{171149CA-69AB-491C-A15C-9AE057656872}"
EndProject
Project("{2150E333-8FDC-42A3-9474-1A3956D46DE8}") = "IM.Persentaition", "IM.Persentaition", "{6D47D7F9-5CEA-4D19-AA8D-A65541BE0E18}"
EndProject
Project("{9A19103F-16F7-4668-BE54-9A1E7A4F7556}") = "InventoryManagement.Peresentaition.Api", "InventoryManagement.Peresentaition.Api\InventoryManagement.Peresentaition.Api.csproj", "{5D04FAA3-1D72-49AA-87F7-1F7DFC9EC58A}"
EndProject
Project("{2150E333-8FDC-42A3-9474-1A3956D46DE8}") = "BM.Peresentaition", "BM.Peresentaition", "{E5896482-AA1D-471C-9FC5-0D5E354DC014}"
EndProject
Project("{9A19103F-16F7-4668-BE54-9A1E7A4F7556}") = "BlogManagement.Peresentaition.Api", "BlogManagement.Peresentaition.Api\BlogManagement.Peresentaition.Api.csproj", "{0C086B3E-00D4-4FC3-B786-86A19489FE88}"
EndProject
Project("{FAE04EC0-301F-11D3-BF4B-00C04F79EFBC}") = "ShopManagement.Infrastructure.AccountAcl", "ShopManagement.Infrastructure.AccountAcl\ShopManagement.Infrastructure.AccountAcl.csproj", "{027510AC-40F1-481B-AFA9-13B873CC1825}"
EndProject
Global
	GlobalSection(SolutionConfigurationPlatforms) = preSolution
		Debug|Any CPU = Debug|Any CPU
		Release|Any CPU = Release|Any CPU
	EndGlobalSection
	GlobalSection(ProjectConfigurationPlatforms) = postSolution
		{492B34F1-87BA-4780-8A4A-92F8F7258635}.Debug|Any CPU.ActiveCfg = Debug|Any CPU
		{492B34F1-87BA-4780-8A4A-92F8F7258635}.Debug|Any CPU.Build.0 = Debug|Any CPU
		{492B34F1-87BA-4780-8A4A-92F8F7258635}.Release|Any CPU.ActiveCfg = Release|Any CPU
		{492B34F1-87BA-4780-8A4A-92F8F7258635}.Release|Any CPU.Build.0 = Release|Any CPU
		{E9B886F0-E28E-46F1-9E22-F43F875ACB56}.Debug|Any CPU.ActiveCfg = Debug|Any CPU
		{E9B886F0-E28E-46F1-9E22-F43F875ACB56}.Debug|Any CPU.Build.0 = Debug|Any CPU
		{E9B886F0-E28E-46F1-9E22-F43F875ACB56}.Release|Any CPU.ActiveCfg = Release|Any CPU
		{E9B886F0-E28E-46F1-9E22-F43F875ACB56}.Release|Any CPU.Build.0 = Release|Any CPU
		{0D896271-7112-4A5B-92AE-87A97394B8E7}.Debug|Any CPU.ActiveCfg = Debug|Any CPU
		{0D896271-7112-4A5B-92AE-87A97394B8E7}.Debug|Any CPU.Build.0 = Debug|Any CPU
		{0D896271-7112-4A5B-92AE-87A97394B8E7}.Release|Any CPU.ActiveCfg = Release|Any CPU
		{0D896271-7112-4A5B-92AE-87A97394B8E7}.Release|Any CPU.Build.0 = Release|Any CPU
		{78A7D8AC-63BE-46C3-A7E0-BD2D231AC75D}.Debug|Any CPU.ActiveCfg = Debug|Any CPU
		{78A7D8AC-63BE-46C3-A7E0-BD2D231AC75D}.Debug|Any CPU.Build.0 = Debug|Any CPU
		{78A7D8AC-63BE-46C3-A7E0-BD2D231AC75D}.Release|Any CPU.ActiveCfg = Release|Any CPU
		{78A7D8AC-63BE-46C3-A7E0-BD2D231AC75D}.Release|Any CPU.Build.0 = Release|Any CPU
		{330FACAA-32E7-44D1-B1A6-3CF286F16E99}.Debug|Any CPU.ActiveCfg = Debug|Any CPU
		{330FACAA-32E7-44D1-B1A6-3CF286F16E99}.Debug|Any CPU.Build.0 = Debug|Any CPU
		{330FACAA-32E7-44D1-B1A6-3CF286F16E99}.Release|Any CPU.ActiveCfg = Release|Any CPU
		{330FACAA-32E7-44D1-B1A6-3CF286F16E99}.Release|Any CPU.Build.0 = Release|Any CPU
		{16FEBC00-51D9-4F52-8F06-B72A1261EECD}.Debug|Any CPU.ActiveCfg = Debug|Any CPU
		{16FEBC00-51D9-4F52-8F06-B72A1261EECD}.Debug|Any CPU.Build.0 = Debug|Any CPU
		{16FEBC00-51D9-4F52-8F06-B72A1261EECD}.Release|Any CPU.ActiveCfg = Release|Any CPU
		{16FEBC00-51D9-4F52-8F06-B72A1261EECD}.Release|Any CPU.Build.0 = Release|Any CPU
		{7F451FE6-0138-4695-9E95-366B74DEA044}.Debug|Any CPU.ActiveCfg = Debug|Any CPU
		{7F451FE6-0138-4695-9E95-366B74DEA044}.Debug|Any CPU.Build.0 = Debug|Any CPU
		{7F451FE6-0138-4695-9E95-366B74DEA044}.Release|Any CPU.ActiveCfg = Release|Any CPU
		{7F451FE6-0138-4695-9E95-366B74DEA044}.Release|Any CPU.Build.0 = Release|Any CPU
		{F03A2585-1833-438B-B6E0-69E86754FC0A}.Debug|Any CPU.ActiveCfg = Debug|Any CPU
		{F03A2585-1833-438B-B6E0-69E86754FC0A}.Debug|Any CPU.Build.0 = Debug|Any CPU
		{F03A2585-1833-438B-B6E0-69E86754FC0A}.Release|Any CPU.ActiveCfg = Release|Any CPU
		{F03A2585-1833-438B-B6E0-69E86754FC0A}.Release|Any CPU.Build.0 = Release|Any CPU
		{CD3BAE62-35B6-4F58-89FB-DB5156EE7B27}.Debug|Any CPU.ActiveCfg = Debug|Any CPU
		{CD3BAE62-35B6-4F58-89FB-DB5156EE7B27}.Debug|Any CPU.Build.0 = Debug|Any CPU
		{CD3BAE62-35B6-4F58-89FB-DB5156EE7B27}.Release|Any CPU.ActiveCfg = Release|Any CPU
		{CD3BAE62-35B6-4F58-89FB-DB5156EE7B27}.Release|Any CPU.Build.0 = Release|Any CPU
		{6D98278B-B882-4E61-B0FF-3EDF6444BEBF}.Debug|Any CPU.ActiveCfg = Debug|Any CPU
		{6D98278B-B882-4E61-B0FF-3EDF6444BEBF}.Debug|Any CPU.Build.0 = Debug|Any CPU
		{6D98278B-B882-4E61-B0FF-3EDF6444BEBF}.Release|Any CPU.ActiveCfg = Release|Any CPU
		{6D98278B-B882-4E61-B0FF-3EDF6444BEBF}.Release|Any CPU.Build.0 = Release|Any CPU
		{6DAE6FF4-50E4-4DE2-BA6F-6A8031ABFD93}.Debug|Any CPU.ActiveCfg = Debug|Any CPU
		{6DAE6FF4-50E4-4DE2-BA6F-6A8031ABFD93}.Debug|Any CPU.Build.0 = Debug|Any CPU
		{6DAE6FF4-50E4-4DE2-BA6F-6A8031ABFD93}.Release|Any CPU.ActiveCfg = Release|Any CPU
		{6DAE6FF4-50E4-4DE2-BA6F-6A8031ABFD93}.Release|Any CPU.Build.0 = Release|Any CPU
		{958498BE-5390-4BD4-8855-CF04EE943EA9}.Debug|Any CPU.ActiveCfg = Debug|Any CPU
		{958498BE-5390-4BD4-8855-CF04EE943EA9}.Debug|Any CPU.Build.0 = Debug|Any CPU
		{958498BE-5390-4BD4-8855-CF04EE943EA9}.Release|Any CPU.ActiveCfg = Release|Any CPU
		{958498BE-5390-4BD4-8855-CF04EE943EA9}.Release|Any CPU.Build.0 = Release|Any CPU
		{E45ADB99-81F2-4A65-856C-45ACD5C6B4A0}.Debug|Any CPU.ActiveCfg = Debug|Any CPU
		{E45ADB99-81F2-4A65-856C-45ACD5C6B4A0}.Debug|Any CPU.Build.0 = Debug|Any CPU
		{E45ADB99-81F2-4A65-856C-45ACD5C6B4A0}.Release|Any CPU.ActiveCfg = Release|Any CPU
		{E45ADB99-81F2-4A65-856C-45ACD5C6B4A0}.Release|Any CPU.Build.0 = Release|Any CPU
		{F3011D0D-F6C4-40DC-806C-98C5F817AD01}.Debug|Any CPU.ActiveCfg = Debug|Any CPU
		{F3011D0D-F6C4-40DC-806C-98C5F817AD01}.Debug|Any CPU.Build.0 = Debug|Any CPU
		{F3011D0D-F6C4-40DC-806C-98C5F817AD01}.Release|Any CPU.ActiveCfg = Release|Any CPU
		{F3011D0D-F6C4-40DC-806C-98C5F817AD01}.Release|Any CPU.Build.0 = Release|Any CPU
		{A587D157-8152-4FA4-80F4-38E116D6AE8B}.Debug|Any CPU.ActiveCfg = Debug|Any CPU
		{A587D157-8152-4FA4-80F4-38E116D6AE8B}.Debug|Any CPU.Build.0 = Debug|Any CPU
		{A587D157-8152-4FA4-80F4-38E116D6AE8B}.Release|Any CPU.ActiveCfg = Release|Any CPU
		{A587D157-8152-4FA4-80F4-38E116D6AE8B}.Release|Any CPU.Build.0 = Release|Any CPU
		{3C844C19-9381-451B-99C2-7F9F4FBF96E7}.Debug|Any CPU.ActiveCfg = Debug|Any CPU
		{3C844C19-9381-451B-99C2-7F9F4FBF96E7}.Debug|Any CPU.Build.0 = Debug|Any CPU
		{3C844C19-9381-451B-99C2-7F9F4FBF96E7}.Release|Any CPU.ActiveCfg = Release|Any CPU
		{3C844C19-9381-451B-99C2-7F9F4FBF96E7}.Release|Any CPU.Build.0 = Release|Any CPU
		{4F17B3E0-42E6-43CC-805B-44C7D8F164DE}.Debug|Any CPU.ActiveCfg = Debug|Any CPU
		{4F17B3E0-42E6-43CC-805B-44C7D8F164DE}.Debug|Any CPU.Build.0 = Debug|Any CPU
		{4F17B3E0-42E6-43CC-805B-44C7D8F164DE}.Release|Any CPU.ActiveCfg = Release|Any CPU
		{4F17B3E0-42E6-43CC-805B-44C7D8F164DE}.Release|Any CPU.Build.0 = Release|Any CPU
		{949A20E1-DE2E-4E39-B77B-C8AF0D055E3B}.Debug|Any CPU.ActiveCfg = Debug|Any CPU
		{949A20E1-DE2E-4E39-B77B-C8AF0D055E3B}.Debug|Any CPU.Build.0 = Debug|Any CPU
		{949A20E1-DE2E-4E39-B77B-C8AF0D055E3B}.Release|Any CPU.ActiveCfg = Release|Any CPU
		{949A20E1-DE2E-4E39-B77B-C8AF0D055E3B}.Release|Any CPU.Build.0 = Release|Any CPU
		{7F313D56-E800-461E-81B4-F9806D8A864F}.Debug|Any CPU.ActiveCfg = Debug|Any CPU
		{7F313D56-E800-461E-81B4-F9806D8A864F}.Debug|Any CPU.Build.0 = Debug|Any CPU
		{7F313D56-E800-461E-81B4-F9806D8A864F}.Release|Any CPU.ActiveCfg = Release|Any CPU
		{7F313D56-E800-461E-81B4-F9806D8A864F}.Release|Any CPU.Build.0 = Release|Any CPU
		{EF42BD44-0E6A-4458-A5D1-AE34FAB1F432}.Debug|Any CPU.ActiveCfg = Debug|Any CPU
		{EF42BD44-0E6A-4458-A5D1-AE34FAB1F432}.Debug|Any CPU.Build.0 = Debug|Any CPU
		{EF42BD44-0E6A-4458-A5D1-AE34FAB1F432}.Release|Any CPU.ActiveCfg = Release|Any CPU
		{EF42BD44-0E6A-4458-A5D1-AE34FAB1F432}.Release|Any CPU.Build.0 = Release|Any CPU
		{8FA21DC1-D8FF-4A23-A332-116DBB729D9C}.Debug|Any CPU.ActiveCfg = Debug|Any CPU
		{8FA21DC1-D8FF-4A23-A332-116DBB729D9C}.Debug|Any CPU.Build.0 = Debug|Any CPU
		{8FA21DC1-D8FF-4A23-A332-116DBB729D9C}.Release|Any CPU.ActiveCfg = Release|Any CPU
		{8FA21DC1-D8FF-4A23-A332-116DBB729D9C}.Release|Any CPU.Build.0 = Release|Any CPU
		{B0B7F438-6C3F-4018-95A3-43F3F54D9C95}.Debug|Any CPU.ActiveCfg = Debug|Any CPU
		{B0B7F438-6C3F-4018-95A3-43F3F54D9C95}.Debug|Any CPU.Build.0 = Debug|Any CPU
		{B0B7F438-6C3F-4018-95A3-43F3F54D9C95}.Release|Any CPU.ActiveCfg = Release|Any CPU
		{B0B7F438-6C3F-4018-95A3-43F3F54D9C95}.Release|Any CPU.Build.0 = Release|Any CPU
		{C271B64C-9609-4235-811C-089E3A240791}.Debug|Any CPU.ActiveCfg = Debug|Any CPU
		{C271B64C-9609-4235-811C-089E3A240791}.Debug|Any CPU.Build.0 = Debug|Any CPU
		{C271B64C-9609-4235-811C-089E3A240791}.Release|Any CPU.ActiveCfg = Release|Any CPU
		{C271B64C-9609-4235-811C-089E3A240791}.Release|Any CPU.Build.0 = Release|Any CPU
		{38B787AC-6431-486A-834D-FCB1715998E6}.Debug|Any CPU.ActiveCfg = Debug|Any CPU
		{38B787AC-6431-486A-834D-FCB1715998E6}.Debug|Any CPU.Build.0 = Debug|Any CPU
		{38B787AC-6431-486A-834D-FCB1715998E6}.Release|Any CPU.ActiveCfg = Release|Any CPU
		{38B787AC-6431-486A-834D-FCB1715998E6}.Release|Any CPU.Build.0 = Release|Any CPU
		{64DE3291-8BD0-4B2E-B12B-664C2432F525}.Debug|Any CPU.ActiveCfg = Debug|Any CPU
		{64DE3291-8BD0-4B2E-B12B-664C2432F525}.Debug|Any CPU.Build.0 = Debug|Any CPU
		{64DE3291-8BD0-4B2E-B12B-664C2432F525}.Release|Any CPU.ActiveCfg = Release|Any CPU
		{64DE3291-8BD0-4B2E-B12B-664C2432F525}.Release|Any CPU.Build.0 = Release|Any CPU
		{18B6390D-0207-4506-BDAF-9B5E3CC02BDF}.Debug|Any CPU.ActiveCfg = Debug|Any CPU
		{18B6390D-0207-4506-BDAF-9B5E3CC02BDF}.Debug|Any CPU.Build.0 = Debug|Any CPU
		{18B6390D-0207-4506-BDAF-9B5E3CC02BDF}.Release|Any CPU.ActiveCfg = Release|Any CPU
		{18B6390D-0207-4506-BDAF-9B5E3CC02BDF}.Release|Any CPU.Build.0 = Release|Any CPU
		{A63E3FB1-8DC1-4314-91A1-7B54C88E1702}.Debug|Any CPU.ActiveCfg = Debug|Any CPU
		{A63E3FB1-8DC1-4314-91A1-7B54C88E1702}.Debug|Any CPU.Build.0 = Debug|Any CPU
		{A63E3FB1-8DC1-4314-91A1-7B54C88E1702}.Release|Any CPU.ActiveCfg = Release|Any CPU
		{A63E3FB1-8DC1-4314-91A1-7B54C88E1702}.Release|Any CPU.Build.0 = Release|Any CPU
		{086DE744-5178-46C1-9887-26B6477E8C53}.Debug|Any CPU.ActiveCfg = Debug|Any CPU
		{086DE744-5178-46C1-9887-26B6477E8C53}.Debug|Any CPU.Build.0 = Debug|Any CPU
		{086DE744-5178-46C1-9887-26B6477E8C53}.Release|Any CPU.ActiveCfg = Release|Any CPU
		{086DE744-5178-46C1-9887-26B6477E8C53}.Release|Any CPU.Build.0 = Release|Any CPU
		{7BE2CC50-461D-4C5A-B07E-E1D809A6FF3B}.Debug|Any CPU.ActiveCfg = Debug|Any CPU
		{7BE2CC50-461D-4C5A-B07E-E1D809A6FF3B}.Debug|Any CPU.Build.0 = Debug|Any CPU
		{7BE2CC50-461D-4C5A-B07E-E1D809A6FF3B}.Release|Any CPU.ActiveCfg = Release|Any CPU
		{7BE2CC50-461D-4C5A-B07E-E1D809A6FF3B}.Release|Any CPU.Build.0 = Release|Any CPU
		{0B1147F3-99F5-44B7-8F94-97B23BF999F2}.Debug|Any CPU.ActiveCfg = Debug|Any CPU
		{0B1147F3-99F5-44B7-8F94-97B23BF999F2}.Debug|Any CPU.Build.0 = Debug|Any CPU
		{0B1147F3-99F5-44B7-8F94-97B23BF999F2}.Release|Any CPU.ActiveCfg = Release|Any CPU
		{0B1147F3-99F5-44B7-8F94-97B23BF999F2}.Release|Any CPU.Build.0 = Release|Any CPU
		{DC3C492E-375F-4B62-AFAA-A0838D362896}.Debug|Any CPU.ActiveCfg = Debug|Any CPU
		{DC3C492E-375F-4B62-AFAA-A0838D362896}.Debug|Any CPU.Build.0 = Debug|Any CPU
		{DC3C492E-375F-4B62-AFAA-A0838D362896}.Release|Any CPU.ActiveCfg = Release|Any CPU
		{DC3C492E-375F-4B62-AFAA-A0838D362896}.Release|Any CPU.Build.0 = Release|Any CPU
		{F88D5E37-C74F-4916-948A-134F3CDE9D3C}.Debug|Any CPU.ActiveCfg = Debug|Any CPU
		{F88D5E37-C74F-4916-948A-134F3CDE9D3C}.Debug|Any CPU.Build.0 = Debug|Any CPU
		{F88D5E37-C74F-4916-948A-134F3CDE9D3C}.Release|Any CPU.ActiveCfg = Release|Any CPU
		{F88D5E37-C74F-4916-948A-134F3CDE9D3C}.Release|Any CPU.Build.0 = Release|Any CPU
		{53C0534C-2052-404C-8C4D-E78AE3F15567}.Debug|Any CPU.ActiveCfg = Debug|Any CPU
		{53C0534C-2052-404C-8C4D-E78AE3F15567}.Debug|Any CPU.Build.0 = Debug|Any CPU
		{53C0534C-2052-404C-8C4D-E78AE3F15567}.Release|Any CPU.ActiveCfg = Release|Any CPU
		{53C0534C-2052-404C-8C4D-E78AE3F15567}.Release|Any CPU.Build.0 = Release|Any CPU
		{F3E9D3C1-999B-4C07-8812-37AD80818AD6}.Debug|Any CPU.ActiveCfg = Debug|Any CPU
		{F3E9D3C1-999B-4C07-8812-37AD80818AD6}.Debug|Any CPU.Build.0 = Debug|Any CPU
		{F3E9D3C1-999B-4C07-8812-37AD80818AD6}.Release|Any CPU.ActiveCfg = Release|Any CPU
		{F3E9D3C1-999B-4C07-8812-37AD80818AD6}.Release|Any CPU.Build.0 = Release|Any CPU
		{171149CA-69AB-491C-A15C-9AE057656872}.Debug|Any CPU.ActiveCfg = Debug|Any CPU
		{171149CA-69AB-491C-A15C-9AE057656872}.Debug|Any CPU.Build.0 = Debug|Any CPU
		{171149CA-69AB-491C-A15C-9AE057656872}.Release|Any CPU.ActiveCfg = Release|Any CPU
		{171149CA-69AB-491C-A15C-9AE057656872}.Release|Any CPU.Build.0 = Release|Any CPU
		{5D04FAA3-1D72-49AA-87F7-1F7DFC9EC58A}.Debug|Any CPU.ActiveCfg = Debug|Any CPU
		{5D04FAA3-1D72-49AA-87F7-1F7DFC9EC58A}.Debug|Any CPU.Build.0 = Debug|Any CPU
		{5D04FAA3-1D72-49AA-87F7-1F7DFC9EC58A}.Release|Any CPU.ActiveCfg = Release|Any CPU
		{5D04FAA3-1D72-49AA-87F7-1F7DFC9EC58A}.Release|Any CPU.Build.0 = Release|Any CPU
		{0C086B3E-00D4-4FC3-B786-86A19489FE88}.Debug|Any CPU.ActiveCfg = Debug|Any CPU
		{0C086B3E-00D4-4FC3-B786-86A19489FE88}.Debug|Any CPU.Build.0 = Debug|Any CPU
		{0C086B3E-00D4-4FC3-B786-86A19489FE88}.Release|Any CPU.ActiveCfg = Release|Any CPU
		{0C086B3E-00D4-4FC3-B786-86A19489FE88}.Release|Any CPU.Build.0 = Release|Any CPU
		{027510AC-40F1-481B-AFA9-13B873CC1825}.Debug|Any CPU.ActiveCfg = Debug|Any CPU
		{027510AC-40F1-481B-AFA9-13B873CC1825}.Debug|Any CPU.Build.0 = Debug|Any CPU
		{027510AC-40F1-481B-AFA9-13B873CC1825}.Release|Any CPU.ActiveCfg = Release|Any CPU
		{027510AC-40F1-481B-AFA9-13B873CC1825}.Release|Any CPU.Build.0 = Release|Any CPU
	EndGlobalSection
	GlobalSection(SolutionProperties) = preSolution
		HideSolutionNode = FALSE
	EndGlobalSection
	GlobalSection(NestedProjects) = preSolution
		{A51A3236-65CE-4F96-8C74-8A2AB7EEFF15} = {252430D4-0240-481B-BE33-D0062DC78258}
		{492B34F1-87BA-4780-8A4A-92F8F7258635} = {A51A3236-65CE-4F96-8C74-8A2AB7EEFF15}
		{83652EDE-6DB6-465D-A175-14CBB5F57AED} = {252430D4-0240-481B-BE33-D0062DC78258}
		{0D896271-7112-4A5B-92AE-87A97394B8E7} = {83652EDE-6DB6-465D-A175-14CBB5F57AED}
		{78A7D8AC-63BE-46C3-A7E0-BD2D231AC75D} = {83652EDE-6DB6-465D-A175-14CBB5F57AED}
		{A130076C-9BBF-4B93-92A5-226A402CE1D0} = {252430D4-0240-481B-BE33-D0062DC78258}
		{330FACAA-32E7-44D1-B1A6-3CF286F16E99} = {A130076C-9BBF-4B93-92A5-226A402CE1D0}
		{16FEBC00-51D9-4F52-8F06-B72A1261EECD} = {A130076C-9BBF-4B93-92A5-226A402CE1D0}
		{485867A6-9D8B-4366-9614-EFFFD5CE8E19} = {3B071695-51FC-4627-B64E-BC0C020ADAD1}
		{F03A2585-1833-438B-B6E0-69E86754FC0A} = {485867A6-9D8B-4366-9614-EFFFD5CE8E19}
		{59CAF034-0F13-4DD7-B300-B4825EF8A7C4} = {3B071695-51FC-4627-B64E-BC0C020ADAD1}
		{CD3BAE62-35B6-4F58-89FB-DB5156EE7B27} = {59CAF034-0F13-4DD7-B300-B4825EF8A7C4}
		{6D98278B-B882-4E61-B0FF-3EDF6444BEBF} = {59CAF034-0F13-4DD7-B300-B4825EF8A7C4}
		{3BA17686-A082-441E-BB67-F633AE3877CA} = {3B071695-51FC-4627-B64E-BC0C020ADAD1}
		{6DAE6FF4-50E4-4DE2-BA6F-6A8031ABFD93} = {3BA17686-A082-441E-BB67-F633AE3877CA}
		{958498BE-5390-4BD4-8855-CF04EE943EA9} = {3BA17686-A082-441E-BB67-F633AE3877CA}
		{C8E98C28-F8CC-4AB7-BDA0-B7B8447968E9} = {8EE00848-2A88-43B2-BEE5-23BCB31E84B0}
		{E45ADB99-81F2-4A65-856C-45ACD5C6B4A0} = {C8E98C28-F8CC-4AB7-BDA0-B7B8447968E9}
		{C7703974-6A54-43EB-BAFC-31F2E4216D36} = {8EE00848-2A88-43B2-BEE5-23BCB31E84B0}
		{F3011D0D-F6C4-40DC-806C-98C5F817AD01} = {C7703974-6A54-43EB-BAFC-31F2E4216D36}
		{0E90E678-B3F7-4235-8880-3AE5B923D12B} = {8EE00848-2A88-43B2-BEE5-23BCB31E84B0}
		{A587D157-8152-4FA4-80F4-38E116D6AE8B} = {0E90E678-B3F7-4235-8880-3AE5B923D12B}
		{3C844C19-9381-451B-99C2-7F9F4FBF96E7} = {0E90E678-B3F7-4235-8880-3AE5B923D12B}
		{4F17B3E0-42E6-43CC-805B-44C7D8F164DE} = {C7703974-6A54-43EB-BAFC-31F2E4216D36}
		{6CA40CA9-21EF-4042-B8D7-20828BDFB69C} = {BBACF80F-D487-44D7-B5F2-162970D8BCC2}
		{949A20E1-DE2E-4E39-B77B-C8AF0D055E3B} = {6CA40CA9-21EF-4042-B8D7-20828BDFB69C}
		{E6B26E4F-7791-4C04-AE6F-06861709A974} = {BBACF80F-D487-44D7-B5F2-162970D8BCC2}
		{7F313D56-E800-461E-81B4-F9806D8A864F} = {E6B26E4F-7791-4C04-AE6F-06861709A974}
		{EF42BD44-0E6A-4458-A5D1-AE34FAB1F432} = {E6B26E4F-7791-4C04-AE6F-06861709A974}
		{462C580D-CBFD-4799-A4D9-354860901D9A} = {BBACF80F-D487-44D7-B5F2-162970D8BCC2}
		{8FA21DC1-D8FF-4A23-A332-116DBB729D9C} = {462C580D-CBFD-4799-A4D9-354860901D9A}
		{B0B7F438-6C3F-4018-95A3-43F3F54D9C95} = {462C580D-CBFD-4799-A4D9-354860901D9A}
		{EB347257-766E-46A7-B134-617D637DA647} = {47FA0647-BB6D-4D65-B4BB-8F23E7E0CCD3}
		{C271B64C-9609-4235-811C-089E3A240791} = {EB347257-766E-46A7-B134-617D637DA647}
		{498A6C93-B9AA-4C13-9BFB-352D0E056D5D} = {47FA0647-BB6D-4D65-B4BB-8F23E7E0CCD3}
		{38B787AC-6431-486A-834D-FCB1715998E6} = {498A6C93-B9AA-4C13-9BFB-352D0E056D5D}
		{64DE3291-8BD0-4B2E-B12B-664C2432F525} = {498A6C93-B9AA-4C13-9BFB-352D0E056D5D}
		{0683A704-3669-4B3B-964B-40A4E4C96EEF} = {47FA0647-BB6D-4D65-B4BB-8F23E7E0CCD3}
		{18B6390D-0207-4506-BDAF-9B5E3CC02BDF} = {0683A704-3669-4B3B-964B-40A4E4C96EEF}
		{A63E3FB1-8DC1-4314-91A1-7B54C88E1702} = {0683A704-3669-4B3B-964B-40A4E4C96EEF}
		{AE6590F3-B699-4026-82D7-ED8865D7D72F} = {2E38CF9B-62FC-439A-8B6F-A37D7A297C98}
		{086DE744-5178-46C1-9887-26B6477E8C53} = {AE6590F3-B699-4026-82D7-ED8865D7D72F}
		{01AEC30C-0FF8-4E78-8B9D-3DFE063DC05C} = {2E38CF9B-62FC-439A-8B6F-A37D7A297C98}
		{7BE2CC50-461D-4C5A-B07E-E1D809A6FF3B} = {01AEC30C-0FF8-4E78-8B9D-3DFE063DC05C}
		{056EDB00-CDAD-4427-AB7D-B2710E7B0B1E} = {2E38CF9B-62FC-439A-8B6F-A37D7A297C98}
		{0B1147F3-99F5-44B7-8F94-97B23BF999F2} = {056EDB00-CDAD-4427-AB7D-B2710E7B0B1E}
		{DC3C492E-375F-4B62-AFAA-A0838D362896} = {01AEC30C-0FF8-4E78-8B9D-3DFE063DC05C}
		{F88D5E37-C74F-4916-948A-134F3CDE9D3C} = {056EDB00-CDAD-4427-AB7D-B2710E7B0B1E}
		{F3E9D3C1-999B-4C07-8812-37AD80818AD6} = {A130076C-9BBF-4B93-92A5-226A402CE1D0}
		{25F4145F-D639-40B0-8BD5-6991A5A2E106} = {252430D4-0240-481B-BE33-D0062DC78258}
		{171149CA-69AB-491C-A15C-9AE057656872} = {25F4145F-D639-40B0-8BD5-6991A5A2E106}
		{6D47D7F9-5CEA-4D19-AA8D-A65541BE0E18} = {8EE00848-2A88-43B2-BEE5-23BCB31E84B0}
		{5D04FAA3-1D72-49AA-87F7-1F7DFC9EC58A} = {6D47D7F9-5CEA-4D19-AA8D-A65541BE0E18}
		{E5896482-AA1D-471C-9FC5-0D5E354DC014} = {BBACF80F-D487-44D7-B5F2-162970D8BCC2}
		{0C086B3E-00D4-4FC3-B786-86A19489FE88} = {E5896482-AA1D-471C-9FC5-0D5E354DC014}
		{027510AC-40F1-481B-AFA9-13B873CC1825} = {A130076C-9BBF-4B93-92A5-226A402CE1D0}
	EndGlobalSection
	GlobalSection(ExtensibilityGlobals) = postSolution
		SolutionGuid = {26E0A1F2-692B-48AA-A6DA-95A452AC4F1A}
	EndGlobalSection
EndGlobal
